
Microsoft Visual Studio Solution File, Format Version 12.00
# Visual Studio 2013
VisualStudioVersion = 12.0.30501.0
MinimumVisualStudioVersion = 10.0.40219.1
Project("{6989167D-11E4-40FE-8C1A-2192A86A7E90}") = "WT_Perf", "WT_Perf.vfproj", "{97CEFEB9-1DCB-470E-A231-E1DA2F21A9CE}"
EndProject
Project("{6989167D-11E4-40FE-8C1A-2192A86A7E90}") = "BEMT_Test", "BEMT_Test\BEMT_Test.vfproj", "{10AEAAA6-BAAD-4673-9AEA-856E3B458AE2}"
EndProject
Global
	GlobalSection(SolutionConfigurationPlatforms) = preSolution
		Debug|Any CPU = Debug|Any CPU
		Debug|Mixed Platforms = Debug|Mixed Platforms
		Debug|Win32 = Debug|Win32
		Release|Any CPU = Release|Any CPU
		Release|Mixed Platforms = Release|Mixed Platforms
		Release|Win32 = Release|Win32
	EndGlobalSection
	GlobalSection(ProjectConfigurationPlatforms) = postSolution
		{97CEFEB9-1DCB-470E-A231-E1DA2F21A9CE}.Debug|Any CPU.ActiveCfg = Debug|Win32
		{97CEFEB9-1DCB-470E-A231-E1DA2F21A9CE}.Debug|Mixed Platforms.ActiveCfg = Debug|Win32
		{97CEFEB9-1DCB-470E-A231-E1DA2F21A9CE}.Debug|Mixed Platforms.Build.0 = Debug|Win32
		{97CEFEB9-1DCB-470E-A231-E1DA2F21A9CE}.Debug|Win32.ActiveCfg = Debug|Win32
		{97CEFEB9-1DCB-470E-A231-E1DA2F21A9CE}.Debug|Win32.Build.0 = Debug|Win32
		{97CEFEB9-1DCB-470E-A231-E1DA2F21A9CE}.Release|Any CPU.ActiveCfg = Release|Win32
		{97CEFEB9-1DCB-470E-A231-E1DA2F21A9CE}.Release|Mixed Platforms.ActiveCfg = Release|Win32
		{97CEFEB9-1DCB-470E-A231-E1DA2F21A9CE}.Release|Mixed Platforms.Build.0 = Release|Win32
		{97CEFEB9-1DCB-470E-A231-E1DA2F21A9CE}.Release|Win32.ActiveCfg = Release|Win32
		{97CEFEB9-1DCB-470E-A231-E1DA2F21A9CE}.Release|Win32.Build.0 = Release|Win32
		{10AEAAA6-BAAD-4673-9AEA-856E3B458AE2}.Debug|Any CPU.ActiveCfg = Debug|Win32
		{10AEAAA6-BAAD-4673-9AEA-856E3B458AE2}.Debug|Mixed Platforms.ActiveCfg = Debug|Win32
		{10AEAAA6-BAAD-4673-9AEA-856E3B458AE2}.Debug|Mixed Platforms.Build.0 = Debug|Win32
		{10AEAAA6-BAAD-4673-9AEA-856E3B458AE2}.Debug|Win32.ActiveCfg = Debug|Win32
		{10AEAAA6-BAAD-4673-9AEA-856E3B458AE2}.Debug|Win32.Build.0 = Debug|Win32
		{10AEAAA6-BAAD-4673-9AEA-856E3B458AE2}.Release|Any CPU.ActiveCfg = Release|Win32
		{10AEAAA6-BAAD-4673-9AEA-856E3B458AE2}.Release|Mixed Platforms.ActiveCfg = Release|Win32
		{10AEAAA6-BAAD-4673-9AEA-856E3B458AE2}.Release|Mixed Platforms.Build.0 = Release|Win32
		{10AEAAA6-BAAD-4673-9AEA-856E3B458AE2}.Release|Win32.ActiveCfg = Release|Win32
		{10AEAAA6-BAAD-4673-9AEA-856E3B458AE2}.Release|Win32.Build.0 = Release|Win32
	EndGlobalSection
	GlobalSection(SolutionProperties) = preSolution
		HideSolutionNode = FALSE
	EndGlobalSection
EndGlobal
